
Microsoft Visual Studio Solution File, Format Version 12.00
# Visual Studio Version 17
VisualStudioVersion = 17.6.33815.320
MinimumVisualStudioVersion = 10.0.40219.1
Project("{8BC9CEB8-8B4A-11D0-8D11-00A0C91BC942}") = "product-of-primes", "product-of-primes\product-of-primes.vcxproj", "{9B679717-C2B4-497F-830B-275CEB82C080}"
EndProject
Global
	GlobalSection(SolutionConfigurationPlatforms) = preSolution
		Debug|x64 = Debug|x64
		Debug|x86 = Debug|x86
		Release|x64 = Release|x64
		Release|x86 = Release|x86
	EndGlobalSection
	GlobalSection(ProjectConfigurationPlatforms) = postSolution
		{9B679717-C2B4-497F-830B-275CEB82C080}.Debug|x64.ActiveCfg = Debug|x64
		{9B679717-C2B4-497F-830B-275CEB82C080}.Debug|x64.Build.0 = Debug|x64
		{9B679717-C2B4-497F-830B-275CEB82C080}.Debug|x86.ActiveCfg = Debug|Win32
		{9B679717-C2B4-497F-830B-275CEB82C080}.Debug|x86.Build.0 = Debug|Win32
		{9B679717-C2B4-497F-830B-275CEB82C080}.Release|x64.ActiveCfg = Release|x64
		{9B679717-C2B4-497F-830B-275CEB82C080}.Release|x64.Build.0 = Release|x64
		{9B679717-C2B4-497F-830B-275CEB82C080}.Release|x86.ActiveCfg = Release|Win32
		{9B679717-C2B4-497F-830B-275CEB82C080}.Release|x86.Build.0 = Release|Win32
	EndGlobalSection
	GlobalSection(SolutionProperties) = preSolution
		HideSolutionNode = FALSE
	EndGlobalSection
	GlobalSection(ExtensibilityGlobals) = postSolution
		SolutionGuid = {8F404E88-988E-4072-98DF-A38DB560FC13}
	EndGlobalSection
EndGlobal
