
Microsoft Visual Studio Solution File, Format Version 12.00
# Visual Studio Version 17
VisualStudioVersion = 17.6.33815.320
MinimumVisualStudioVersion = 10.0.40219.1
Project("{8BC9CEB8-8B4A-11D0-8D11-00A0C91BC942}") = "diagonal-of-cube", "diagonal-of-cube\diagonal-of-cube.vcxproj", "{C8482C10-1F4B-43F5-9BA7-B282F67399A0}"
EndProject
Global
	GlobalSection(SolutionConfigurationPlatforms) = preSolution
		Debug|x64 = Debug|x64
		Debug|x86 = Debug|x86
		Release|x64 = Release|x64
		Release|x86 = Release|x86
	EndGlobalSection
	GlobalSection(ProjectConfigurationPlatforms) = postSolution
		{C8482C10-1F4B-43F5-9BA7-B282F67399A0}.Debug|x64.ActiveCfg = Debug|x64
		{C8482C10-1F4B-43F5-9BA7-B282F67399A0}.Debug|x64.Build.0 = Debug|x64
		{C8482C10-1F4B-43F5-9BA7-B282F67399A0}.Debug|x86.ActiveCfg = Debug|Win32
		{C8482C10-1F4B-43F5-9BA7-B282F67399A0}.Debug|x86.Build.0 = Debug|Win32
		{C8482C10-1F4B-43F5-9BA7-B282F67399A0}.Release|x64.ActiveCfg = Release|x64
		{C8482C10-1F4B-43F5-9BA7-B282F67399A0}.Release|x64.Build.0 = Release|x64
		{C8482C10-1F4B-43F5-9BA7-B282F67399A0}.Release|x86.ActiveCfg = Release|Win32
		{C8482C10-1F4B-43F5-9BA7-B282F67399A0}.Release|x86.Build.0 = Release|Win32
	EndGlobalSection
	GlobalSection(SolutionProperties) = preSolution
		HideSolutionNode = FALSE
	EndGlobalSection
	GlobalSection(ExtensibilityGlobals) = postSolution
		SolutionGuid = {50BFA7D2-1CC5-4F3F-9A3C-368DFF93E7C9}
	EndGlobalSection
EndGlobal
