
Microsoft Visual Studio Solution File, Format Version 12.00
# Visual Studio Version 17
VisualStudioVersion = 17.6.33723.286
MinimumVisualStudioVersion = 10.0.40219.1
Project("{8BC9CEB8-8B4A-11D0-8D11-00A0C91BC942}") = "word-buckets", "word-buckets\word-buckets.vcxproj", "{14E27AF0-2B7F-444A-B25B-D44FEFC2057D}"
EndProject
Global
	GlobalSection(SolutionConfigurationPlatforms) = preSolution
		Debug|x64 = Debug|x64
		Debug|x86 = Debug|x86
		Release|x64 = Release|x64
		Release|x86 = Release|x86
	EndGlobalSection
	GlobalSection(ProjectConfigurationPlatforms) = postSolution
		{14E27AF0-2B7F-444A-B25B-D44FEFC2057D}.Debug|x64.ActiveCfg = Debug|x64
		{14E27AF0-2B7F-444A-B25B-D44FEFC2057D}.Debug|x64.Build.0 = Debug|x64
		{14E27AF0-2B7F-444A-B25B-D44FEFC2057D}.Debug|x86.ActiveCfg = Debug|Win32
		{14E27AF0-2B7F-444A-B25B-D44FEFC2057D}.Debug|x86.Build.0 = Debug|Win32
		{14E27AF0-2B7F-444A-B25B-D44FEFC2057D}.Release|x64.ActiveCfg = Release|x64
		{14E27AF0-2B7F-444A-B25B-D44FEFC2057D}.Release|x64.Build.0 = Release|x64
		{14E27AF0-2B7F-444A-B25B-D44FEFC2057D}.Release|x86.ActiveCfg = Release|Win32
		{14E27AF0-2B7F-444A-B25B-D44FEFC2057D}.Release|x86.Build.0 = Release|Win32
	EndGlobalSection
	GlobalSection(SolutionProperties) = preSolution
		HideSolutionNode = FALSE
	EndGlobalSection
	GlobalSection(ExtensibilityGlobals) = postSolution
		SolutionGuid = {72979D30-5308-4D80-954D-0C9E0B97DA68}
	EndGlobalSection
EndGlobal
