
Microsoft Visual Studio Solution File, Format Version 12.00
# Visual Studio Version 17
VisualStudioVersion = 17.6.33815.320
MinimumVisualStudioVersion = 10.0.40219.1
Project("{8BC9CEB8-8B4A-11D0-8D11-00A0C91BC942}") = "word-nests-pt2", "word-nests-pt2\word-nests-pt2.vcxproj", "{45072899-23FB-4ADF-B194-774A9B6BC368}"
EndProject
Global
	GlobalSection(SolutionConfigurationPlatforms) = preSolution
		Debug|x64 = Debug|x64
		Debug|x86 = Debug|x86
		Release|x64 = Release|x64
		Release|x86 = Release|x86
	EndGlobalSection
	GlobalSection(ProjectConfigurationPlatforms) = postSolution
		{45072899-23FB-4ADF-B194-774A9B6BC368}.Debug|x64.ActiveCfg = Debug|x64
		{45072899-23FB-4ADF-B194-774A9B6BC368}.Debug|x64.Build.0 = Debug|x64
		{45072899-23FB-4ADF-B194-774A9B6BC368}.Debug|x86.ActiveCfg = Debug|Win32
		{45072899-23FB-4ADF-B194-774A9B6BC368}.Debug|x86.Build.0 = Debug|Win32
		{45072899-23FB-4ADF-B194-774A9B6BC368}.Release|x64.ActiveCfg = Release|x64
		{45072899-23FB-4ADF-B194-774A9B6BC368}.Release|x64.Build.0 = Release|x64
		{45072899-23FB-4ADF-B194-774A9B6BC368}.Release|x86.ActiveCfg = Release|Win32
		{45072899-23FB-4ADF-B194-774A9B6BC368}.Release|x86.Build.0 = Release|Win32
	EndGlobalSection
	GlobalSection(SolutionProperties) = preSolution
		HideSolutionNode = FALSE
	EndGlobalSection
	GlobalSection(ExtensibilityGlobals) = postSolution
		SolutionGuid = {F11C8773-2C6F-4661-B2E1-FA6A9AB17A18}
	EndGlobalSection
EndGlobal
